
Microsoft Visual Studio Solution File, Format Version 12.00
# Visual Studio Version 16
VisualStudioVersion = 16.0.31702.278
MinimumVisualStudioVersion = 10.0.40219.1
Project("{FAE04EC0-301F-11D3-BF4B-00C04F79EFBC}") = "MyNotepad Хуснутдинов", "MyNotepad Хуснутдинов\MyNotepad Хуснутдинов.csproj", "{5824AC79-8500-4CF1-BCA6-F1F11CBB9959}"
EndProject
Global
	GlobalSection(SolutionConfigurationPlatforms) = preSolution
		Debug|Any CPU = Debug|Any CPU
		Release|Any CPU = Release|Any CPU
	EndGlobalSection
	GlobalSection(ProjectConfigurationPlatforms) = postSolution
		{5824AC79-8500-4CF1-BCA6-F1F11CBB9959}.Debug|Any CPU.ActiveCfg = Debug|Any CPU
		{5824AC79-8500-4CF1-BCA6-F1F11CBB9959}.Debug|Any CPU.Build.0 = Debug|Any CPU
		{5824AC79-8500-4CF1-BCA6-F1F11CBB9959}.Release|Any CPU.ActiveCfg = Release|Any CPU
		{5824AC79-8500-4CF1-BCA6-F1F11CBB9959}.Release|Any CPU.Build.0 = Release|Any CPU
	EndGlobalSection
	GlobalSection(SolutionProperties) = preSolution
		HideSolutionNode = FALSE
	EndGlobalSection
	GlobalSection(ExtensibilityGlobals) = postSolution
		SolutionGuid = {B8DCDEA5-A492-439E-A1EC-DA3405ACC478}
	EndGlobalSection
EndGlobal
